
Microsoft Visual Studio Solution File, Format Version 12.00
# Visual Studio Version 17
VisualStudioVersion = 17.10.35013.160
MinimumVisualStudioVersion = 10.0.40219.1
Project("{FAE04EC0-301F-11D3-BF4B-00C04F79EFBC}") = "Vietjet_BackEnd", "Vietjet_BackEnd.csproj", "{3303243F-278F-46AB-B869-106C0B495EC0}"
EndProject
Global
	GlobalSection(SolutionConfigurationPlatforms) = preSolution
		Debug|Any CPU = Debug|Any CPU
		Release|Any CPU = Release|Any CPU
	EndGlobalSection
	GlobalSection(ProjectConfigurationPlatforms) = postSolution
		{3303243F-278F-46AB-B869-106C0B495EC0}.Debug|Any CPU.ActiveCfg = Debug|Any CPU
		{3303243F-278F-46AB-B869-106C0B495EC0}.Debug|Any CPU.Build.0 = Debug|Any CPU
		{3303243F-278F-46AB-B869-106C0B495EC0}.Release|Any CPU.ActiveCfg = Release|Any CPU
		{3303243F-278F-46AB-B869-106C0B495EC0}.Release|Any CPU.Build.0 = Release|Any CPU
	EndGlobalSection
	GlobalSection(SolutionProperties) = preSolution
		HideSolutionNode = FALSE
	EndGlobalSection
	GlobalSection(ExtensibilityGlobals) = postSolution
		SolutionGuid = {4037D54B-1916-4B43-8FFC-A0551A70CBD4}
	EndGlobalSection
EndGlobal
